// !$*UTF8*$!
{
	archiveVersion = 1;
	classes = {
	};
	objectVersion = 56;
	objects = {

/* Begin PBXBuildFile section */
		E83888262B342A0700DF698A /* pia12iosscreensApp.swift in Sources */ = {isa = PBXBuildFile; fileRef = E83888252B342A0700DF698A /* pia12iosscreensApp.swift */; };
		E83888282B342A0700DF698A /* ContentView.swift in Sources */ = {isa = PBXBuildFile; fileRef = E83888272B342A0700DF698A /* ContentView.swift */; };
		E838882A2B342A0900DF698A /* Assets.xcassets in Resources */ = {isa = PBXBuildFile; fileRef = E83888292B342A0900DF698A /* Assets.xcassets */; };
		E838882D2B342A0900DF698A /* Preview Assets.xcassets in Resources */ = {isa = PBXBuildFile; fileRef = E838882C2B342A0900DF698A /* Preview Assets.xcassets */; };
		E83888342B342E6400DF698A /* FancyBoxView.swift in Sources */ = {isa = PBXBuildFile; fileRef = E83888332B342E6400DF698A /* FancyBoxView.swift */; };
		E83888362B343E5900DF698A /* FancyNavView.swift in Sources */ = {isa = PBXBuildFile; fileRef = E83888352B343E5900DF698A /* FancyNavView.swift */; };
		E83888382B34413D00DF698A /* FunnyView.swift in Sources */ = {isa = PBXBuildFile; fileRef = E83888372B34413D00DF698A /* FunnyView.swift */; };
		E838883A2B34427700DF698A /* MathBoxView.swift in Sources */ = {isa = PBXBuildFile; fileRef = E83888392B34427700DF698A /* MathBoxView.swift */; };
		E838883D2B3444E100DF698A /* MathPortView.swift in Sources */ = {isa = PBXBuildFile; fileRef = E838883C2B3444E000DF698A /* MathPortView.swift */; };
		E838883F2B3444F000DF698A /* MathLandView.swift in Sources */ = {isa = PBXBuildFile; fileRef = E838883E2B3444F000DF698A /* MathLandView.swift */; };
		E83888412B34487300DF698A /* MathipadView.swift in Sources */ = {isa = PBXBuildFile; fileRef = E83888402B34487300DF698A /* MathipadView.swift */; };
		E83888432B345FB800DF698A /* LoginView.swift in Sources */ = {isa = PBXBuildFile; fileRef = E83888422B345FB800DF698A /* LoginView.swift */; };
/* End PBXBuildFile section */

/* Begin PBXFileReference section */
		E83888222B342A0700DF698A /* pia12iosscreens.app */ = {isa = PBXFileReference; explicitFileType = wrapper.application; includeInIndex = 0; path = pia12iosscreens.app; sourceTree = BUILT_PRODUCTS_DIR; };
		E83888252B342A0700DF698A /* pia12iosscreensApp.swift */ = {isa = PBXFileReference; lastKnownFileType = sourcecode.swift; path = pia12iosscreensApp.swift; sourceTree = "<group>"; };
		E83888272B342A0700DF698A /* ContentView.swift */ = {isa = PBXFileReference; lastKnownFileType = sourcecode.swift; path = ContentView.swift; sourceTree = "<group>"; };
		E83888292B342A0900DF698A /* Assets.xcassets */ = {isa = PBXFileReference; lastKnownFileType = folder.assetcatalog; path = Assets.xcassets; sourceTree = "<group>"; };
		E838882C2B342A0900DF698A /* Preview Assets.xcassets */ = {isa = PBXFileReference; lastKnownFileType = folder.assetcatalog; path = "Preview Assets.xcassets"; sourceTree = "<group>"; };
		E83888332B342E6400DF698A /* FancyBoxView.swift */ = {isa = PBXFileReference; lastKnownFileType = sourcecode.swift; path = FancyBoxView.swift; sourceTree = "<group>"; };
		E83888352B343E5900DF698A /* FancyNavView.swift */ = {isa = PBXFileReference; lastKnownFileType = sourcecode.swift; path = FancyNavView.swift; sourceTree = "<group>"; };
		E83888372B34413D00DF698A /* FunnyView.swift */ = {isa = PBXFileReference; lastKnownFileType = sourcecode.swift; path = FunnyView.swift; sourceTree = "<group>"; };
		E83888392B34427700DF698A /* MathBoxView.swift */ = {isa = PBXFileReference; lastKnownFileType = sourcecode.swift; path = MathBoxView.swift; sourceTree = "<group>"; };
		E838883C2B3444E000DF698A /* MathPortView.swift */ = {isa = PBXFileReference; lastKnownFileType = sourcecode.swift; path = MathPortView.swift; sourceTree = "<group>"; };
		E838883E2B3444F000DF698A /* MathLandView.swift */ = {isa = PBXFileReference; lastKnownFileType = sourcecode.swift; path = MathLandView.swift; sourceTree = "<group>"; };
		E83888402B34487300DF698A /* MathipadView.swift */ = {isa = PBXFileReference; lastKnownFileType = sourcecode.swift; path = MathipadView.swift; sourceTree = "<group>"; };
		E83888422B345FB800DF698A /* LoginView.swift */ = {isa = PBXFileReference; lastKnownFileType = sourcecode.swift; path = LoginView.swift; sourceTree = "<group>"; };
/* End PBXFileReference section */

/* Begin PBXFrameworksBuildPhase section */
		E838881F2B342A0700DF698A /* Frameworks */ = {
			isa = PBXFrameworksBuildPhase;
			buildActionMask = 2147483647;
			files = (
			);
			runOnlyForDeploymentPostprocessing = 0;
		};
/* End PBXFrameworksBuildPhase section */

/* Begin PBXGroup section */
		E83888192B342A0700DF698A = {
			isa = PBXGroup;
			children = (
				E83888242B342A0700DF698A /* pia12iosscreens */,
				E83888232B342A0700DF698A /* Products */,
			);
			sourceTree = "<group>";
		};
		E83888232B342A0700DF698A /* Products */ = {
			isa = PBXGroup;
			children = (
				E83888222B342A0700DF698A /* pia12iosscreens.app */,
			);
			name = Products;
			sourceTree = "<group>";
		};
		E83888242B342A0700DF698A /* pia12iosscreens */ = {
			isa = PBXGroup;
			children = (
				E838883B2B3443AF00DF698A /* Math */,
				E83888252B342A0700DF698A /* pia12iosscreensApp.swift */,
				E83888272B342A0700DF698A /* ContentView.swift */,
				E83888352B343E5900DF698A /* FancyNavView.swift */,
				E83888332B342E6400DF698A /* FancyBoxView.swift */,
				E83888422B345FB800DF698A /* LoginView.swift */,
				E83888292B342A0900DF698A /* Assets.xcassets */,
				E838882B2B342A0900DF698A /* Preview Content */,
			);
			path = pia12iosscreens;
			sourceTree = "<group>";
		};
		E838882B2B342A0900DF698A /* Preview Content */ = {
			isa = PBXGroup;
			children = (
				E838882C2B342A0900DF698A /* Preview Assets.xcassets */,
			);
			path = "Preview Content";
			sourceTree = "<group>";
		};
		E838883B2B3443AF00DF698A /* Math */ = {
			isa = PBXGroup;
			children = (
				E83888372B34413D00DF698A /* FunnyView.swift */,
				E838883C2B3444E000DF698A /* MathPortView.swift */,
				E838883E2B3444F000DF698A /* MathLandView.swift */,
				E83888402B34487300DF698A /* MathipadView.swift */,
				E83888392B34427700DF698A /* MathBoxView.swift */,
			);
			path = Math;
			sourceTree = "<group>";
		};
/* End PBXGroup section */

/* Begin PBXNativeTarget section */
		E83888212B342A0700DF698A /* pia12iosscreens */ = {
			isa = PBXNativeTarget;
			buildConfigurationList = E83888302B342A0900DF698A /* Build configuration list for PBXNativeTarget "pia12iosscreens" */;
			buildPhases = (
				E838881E2B342A0700DF698A /* Sources */,
				E838881F2B342A0700DF698A /* Frameworks */,
				E83888202B342A0700DF698A /* Resources */,
			);
			buildRules = (
			);
			dependencies = (
			);
			name = pia12iosscreens;
			productName = pia12iosscreens;
			productReference = E83888222B342A0700DF698A /* pia12iosscreens.app */;
			productType = "com.apple.product-type.application";
		};
/* End PBXNativeTarget section */

/* Begin PBXProject section */
		E838881A2B342A0700DF698A /* Project object */ = {
			isa = PBXProject;
			attributes = {
				BuildIndependentTargetsInParallel = 1;
				LastSwiftUpdateCheck = 1500;
				LastUpgradeCheck = 1500;
				TargetAttributes = {
					E83888212B342A0700DF698A = {
						CreatedOnToolsVersion = 15.0;
					};
				};
			};
			buildConfigurationList = E838881D2B342A0700DF698A /* Build configuration list for PBXProject "pia12iosscreens" */;
			compatibilityVersion = "Xcode 14.0";
			developmentRegion = en;
			hasScannedForEncodings = 0;
			knownRegions = (
				en,
				Base,
			);
			mainGroup = E83888192B342A0700DF698A;
			productRefGroup = E83888232B342A0700DF698A /* Products */;
			projectDirPath = "";
			projectRoot = "";
			targets = (
				E83888212B342A0700DF698A /* pia12iosscreens */,
			);
		};
/* End PBXProject section */

/* Begin PBXResourcesBuildPhase section */
		E83888202B342A0700DF698A /* Resources */ = {
			isa = PBXResourcesBuildPhase;
			buildActionMask = 2147483647;
			files = (
				E838882D2B342A0900DF698A /* Preview Assets.xcassets in Resources */,
				E838882A2B342A0900DF698A /* Assets.xcassets in Resources */,
			);
			runOnlyForDeploymentPostprocessing = 0;
		};
/* End PBXResourcesBuildPhase section */

/* Begin PBXSourcesBuildPhase section */
		E838881E2B342A0700DF698A /* Sources */ = {
			isa = PBXSourcesBuildPhase;
			buildActionMask = 2147483647;
			files = (
				E83888412B34487300DF698A /* MathipadView.swift in Sources */,
				E83888282B342A0700DF698A /* ContentView.swift in Sources */,
				E838883F2B3444F000DF698A /* MathLandView.swift in Sources */,
				E838883D2B3444E100DF698A /* MathPortView.swift in Sources */,
				E83888382B34413D00DF698A /* FunnyView.swift in Sources */,
				E83888262B342A0700DF698A /* pia12iosscreensApp.swift in Sources */,
				E83888362B343E5900DF698A /* FancyNavView.swift in Sources */,
				E838883A2B34427700DF698A /* MathBoxView.swift in Sources */,
				E83888432B345FB800DF698A /* LoginView.swift in Sources */,
				E83888342B342E6400DF698A /* FancyBoxView.swift in Sources */,
			);
			runOnlyForDeploymentPostprocessing = 0;
		};
/* End PBXSourcesBuildPhase section */

/* Begin XCBuildConfiguration section */
		E838882E2B342A0900DF698A /* Debug */ = {
			isa = XCBuildConfiguration;
			buildSettings = {
				ALWAYS_SEARCH_USER_PATHS = NO;
				ASSETCATALOG_COMPILER_GENERATE_SWIFT_ASSET_SYMBOL_EXTENSIONS = YES;
				CLANG_ANALYZER_NONNULL = YES;
				CLANG_ANALYZER_NUMBER_OBJECT_CONVERSION = YES_AGGRESSIVE;
				CLANG_CXX_LANGUAGE_STANDARD = "gnu++20";
				CLANG_ENABLE_MODULES = YES;
				CLANG_ENABLE_OBJC_ARC = YES;
				CLANG_ENABLE_OBJC_WEAK = YES;
				CLANG_WARN_BLOCK_CAPTURE_AUTORELEASING = YES;
				CLANG_WARN_BOOL_CONVERSION = YES;
				CLANG_WARN_COMMA = YES;
				CLANG_WARN_CONSTANT_CONVERSION = YES;
				CLANG_WARN_DEPRECATED_OBJC_IMPLEMENTATIONS = YES;
				CLANG_WARN_DIRECT_OBJC_ISA_USAGE = YES_ERROR;
				CLANG_WARN_DOCUMENTATION_COMMENTS = YES;
				CLANG_WARN_EMPTY_BODY = YES;
				CLANG_WARN_ENUM_CONVERSION = YES;
				CLANG_WARN_INFINITE_RECURSION = YES;
				CLANG_WARN_INT_CONVERSION = YES;
				CLANG_WARN_NON_LITERAL_NULL_CONVERSION = YES;
				CLANG_WARN_OBJC_IMPLICIT_RETAIN_SELF = YES;
				CLANG_WARN_OBJC_LITERAL_CONVERSION = YES;
				CLANG_WARN_OBJC_ROOT_CLASS = YES_ERROR;
				CLANG_WARN_QUOTED_INCLUDE_IN_FRAMEWORK_HEADER = YES;
				CLANG_WARN_RANGE_LOOP_ANALYSIS = YES;
				CLANG_WARN_STRICT_PROTOTYPES = YES;
				CLANG_WARN_SUSPICIOUS_MOVE = YES;
				CLANG_WARN_UNGUARDED_AVAILABILITY = YES_AGGRESSIVE;
				CLANG_WARN_UNREACHABLE_CODE = YES;
				CLANG_WARN__DUPLICATE_METHOD_MATCH = YES;
				COPY_PHASE_STRIP = NO;
				DEBUG_INFORMATION_FORMAT = dwarf;
				ENABLE_STRICT_OBJC_MSGSEND = YES;
				ENABLE_TESTABILITY = YES;
				ENABLE_USER_SCRIPT_SANDBOXING = YES;
				GCC_C_LANGUAGE_STANDARD = gnu17;
				GCC_DYNAMIC_NO_PIC = NO;
				GCC_NO_COMMON_BLOCKS = YES;
				GCC_OPTIMIZATION_LEVEL = 0;
				GCC_PREPROCESSOR_DEFINITIONS = (
					"DEBUG=1",
					"$(inherited)",
				);
				GCC_WARN_64_TO_32_BIT_CONVERSION = YES;
				GCC_WARN_ABOUT_RETURN_TYPE = YES_ERROR;
				GCC_WARN_UNDECLARED_SELECTOR = YES;
				GCC_WARN_UNINITIALIZED_AUTOS = YES_AGGRESSIVE;
				GCC_WARN_UNUSED_FUNCTION = YES;
				GCC_WARN_UNUSED_VARIABLE = YES;
				IPHONEOS_DEPLOYMENT_TARGET = 17.0;
				LOCALIZATION_PREFERS_STRING_CATALOGS = YES;
				MTL_ENABLE_DEBUG_INFO = INCLUDE_SOURCE;
				MTL_FAST_MATH = YES;
				ONLY_ACTIVE_ARCH = YES;
				SDKROOT = iphoneos;
				SWIFT_ACTIVE_COMPILATION_CONDITIONS = "DEBUG $(inherited)";
				SWIFT_OPTIMIZATION_LEVEL = "-Onone";
			};
			name = Debug;
		};
		E838882F2B342A0900DF698A /* Release */ = {
			isa = XCBuildConfiguration;
			buildSettings = {
				ALWAYS_SEARCH_USER_PATHS = NO;
				ASSETCATALOG_COMPILER_GENERATE_SWIFT_ASSET_SYMBOL_EXTENSIONS = YES;
				CLANG_ANALYZER_NONNULL = YES;
				CLANG_ANALYZER_NUMBER_OBJECT_CONVERSION = YES_AGGRESSIVE;
				CLANG_CXX_LANGUAGE_STANDARD = "gnu++20";
				CLANG_ENABLE_MODULES = YES;
				CLANG_ENABLE_OBJC_ARC = YES;
				CLANG_ENABLE_OBJC_WEAK = YES;
				CLANG_WARN_BLOCK_CAPTURE_AUTORELEASING = YES;
				CLANG_WARN_BOOL_CONVERSION = YES;
				CLANG_WARN_COMMA = YES;
				CLANG_WARN_CONSTANT_CONVERSION = YES;
				CLANG_WARN_DEPRECATED_OBJC_IMPLEMENTATIONS = YES;
				CLANG_WARN_DIRECT_OBJC_ISA_USAGE = YES_ERROR;
				CLANG_WARN_DOCUMENTATION_COMMENTS = YES;
				CLANG_WARN_EMPTY_BODY = YES;
				CLANG_WARN_ENUM_CONVERSION = YES;
				CLANG_WARN_INFINITE_RECURSION = YES;
				CLANG_WARN_INT_CONVERSION = YES;
				CLANG_WARN_NON_LITERAL_NULL_CONVERSION = YES;
				CLANG_WARN_OBJC_IMPLICIT_RETAIN_SELF = YES;
				CLANG_WARN_OBJC_LITERAL_CONVERSION = YES;
				CLANG_WARN_OBJC_ROOT_CLASS = YES_ERROR;
				CLANG_WARN_QUOTED_INCLUDE_IN_FRAMEWORK_HEADER = YES;
				CLANG_WARN_RANGE_LOOP_ANALYSIS = YES;
				CLANG_WARN_STRICT_PROTOTYPES = YES;
				CLANG_WARN_SUSPICIOUS_MOVE = YES;
				CLANG_WARN_UNGUARDED_AVAILABILITY = YES_AGGRESSIVE;
				CLANG_WARN_UNREACHABLE_CODE = YES;
				CLANG_WARN__DUPLICATE_METHOD_MATCH = YES;
				COPY_PHASE_STRIP = NO;
				DEBUG_INFORMATION_FORMAT = "dwarf-with-dsym";
				ENABLE_NS_ASSERTIONS = NO;
				ENABLE_STRICT_OBJC_MSGSEND = YES;
				ENABLE_USER_SCRIPT_SANDBOXING = YES;
				GCC_C_LANGUAGE_STANDARD = gnu17;
				GCC_NO_COMMON_BLOCKS = YES;
				GCC_WARN_64_TO_32_BIT_CONVERSION = YES;
				GCC_WARN_ABOUT_RETURN_TYPE = YES_ERROR;
				GCC_WARN_UNDECLARED_SELECTOR = YES;
				GCC_WARN_UNINITIALIZED_AUTOS = YES_AGGRESSIVE;
				GCC_WARN_UNUSED_FUNCTION = YES;
				GCC_WARN_UNUSED_VARIABLE = YES;
				IPHONEOS_DEPLOYMENT_TARGET = 17.0;
				LOCALIZATION_PREFERS_STRING_CATALOGS = YES;
				MTL_ENABLE_DEBUG_INFO = NO;
				MTL_FAST_MATH = YES;
				SDKROOT = iphoneos;
				SWIFT_COMPILATION_MODE = wholemodule;
				VALIDATE_PRODUCT = YES;
			};
			name = Release;
		};
		E83888312B342A0900DF698A /* Debug */ = {
			isa = XCBuildConfiguration;
			buildSettings = {
				ASSETCATALOG_COMPILER_APPICON_NAME = AppIcon;
				ASSETCATALOG_COMPILER_GLOBAL_ACCENT_COLOR_NAME = AccentColor;
				CODE_SIGN_STYLE = Automatic;
				CURRENT_PROJECT_VERSION = 1;
				DEVELOPMENT_ASSET_PATHS = "\"pia12iosscreens/Preview Content\"";
				DEVELOPMENT_TEAM = 6SGQZ32758;
				ENABLE_PREVIEWS = YES;
				GENERATE_INFOPLIST_FILE = YES;
				INFOPLIST_KEY_UIApplicationSceneManifest_Generation = YES;
				INFOPLIST_KEY_UIApplicationSupportsIndirectInputEvents = YES;
				INFOPLIST_KEY_UILaunchScreen_Generation = YES;
				INFOPLIST_KEY_UISupportedInterfaceOrientations = "UIInterfaceOrientationLandscapeLeft UIInterfaceOrientationLandscapeRight UIInterfaceOrientationPortrait UIInterfaceOrientationPortraitUpsideDown";
				IPHONEOS_DEPLOYMENT_TARGET = 16.0;
				LD_RUNPATH_SEARCH_PATHS = (
					"$(inherited)",
					"@executable_path/Frameworks",
				);
				MARKETING_VERSION = 1.0;
				PRODUCT_BUNDLE_IDENTIFIER = se.magictechnology.pia12iosscreens;
				PRODUCT_NAME = "$(TARGET_NAME)";
				SWIFT_EMIT_LOC_STRINGS = YES;
				SWIFT_VERSION = 5.0;
				TARGETED_DEVICE_FAMILY = "1,2";
			};
			name = Debug;
		};
		E83888322B342A0900DF698A /* Release */ = {
			isa = XCBuildConfiguration;
			buildSettings = {
				ASSETCATALOG_COMPILER_APPICON_NAME = AppIcon;
				ASSETCATALOG_COMPILER_GLOBAL_ACCENT_COLOR_NAME = AccentColor;
				CODE_SIGN_STYLE = Automatic;
				CURRENT_PROJECT_VERSION = 1;
				DEVELOPMENT_ASSET_PATHS = "\"pia12iosscreens/Preview Content\"";
				DEVELOPMENT_TEAM = 6SGQZ32758;
				ENABLE_PREVIEWS = YES;
				GENERATE_INFOPLIST_FILE = YES;
				INFOPLIST_KEY_UIApplicationSceneManifest_Generation = YES;
				INFOPLIST_KEY_UIApplicationSupportsIndirectInputEvents = YES;
				INFOPLIST_KEY_UILaunchScreen_Generation = YES;
				INFOPLIST_KEY_UISupportedInterfaceOrientations = "UIInterfaceOrientationLandscapeLeft UIInterfaceOrientationLandscapeRight UIInterfaceOrientationPortrait UIInterfaceOrientationPortraitUpsideDown";
				IPHONEOS_DEPLOYMENT_TARGET = 16.0;
				LD_RUNPATH_SEARCH_PATHS = (
					"$(inherited)",
					"@executable_path/Frameworks",
				);
				MARKETING_VERSION = 1.0;
				PRODUCT_BUNDLE_IDENTIFIER = se.magictechnology.pia12iosscreens;
				PRODUCT_NAME = "$(TARGET_NAME)";
				SWIFT_EMIT_LOC_STRINGS = YES;
				SWIFT_VERSION = 5.0;
				TARGETED_DEVICE_FAMILY = "1,2";
			};
			name = Release;
		};
/* End XCBuildConfiguration section */

/* Begin XCConfigurationList section */
		E838881D2B342A0700DF698A /* Build configuration list for PBXProject "pia12iosscreens" */ = {
			isa = XCConfigurationList;
			buildConfigurations = (
				E838882E2B342A0900DF698A /* Debug */,
				E838882F2B342A0900DF698A /* Release */,
			);
			defaultConfigurationIsVisible = 0;
			defaultConfigurationName = Release;
		};
		E83888302B342A0900DF698A /* Build configuration list for PBXNativeTarget "pia12iosscreens" */ = {
			isa = XCConfigurationList;
			buildConfigurations = (
				E83888312B342A0900DF698A /* Debug */,
				E83888322B342A0900DF698A /* Release */,
			);
			defaultConfigurationIsVisible = 0;
			defaultConfigurationName = Release;
		};
/* End XCConfigurationList section */
	};
	rootObject = E838881A2B342A0700DF698A /* Project object */;
}
